
Microsoft Visual Studio Solution File, Format Version 12.00
# Visual Studio 2013
VisualStudioVersion = 12.0.30501.0
MinimumVisualStudioVersion = 10.0.40219.1
Project("{8BC9CEB8-8B4A-11D0-8D11-00A0C91BC942}") = "GPS_V1", "GPS_V1\GPS_V1.vcxproj", "{858A645C-FE39-470E-84F8-34B98D40BADE}"
EndProject
Global
	GlobalSection(SolutionConfigurationPlatforms) = preSolution
		Debug|Win32 = Debug|Win32
		Release|Win32 = Release|Win32
	EndGlobalSection
	GlobalSection(ProjectConfigurationPlatforms) = postSolution
		{858A645C-FE39-470E-84F8-34B98D40BADE}.Debug|Win32.ActiveCfg = Debug|Win32
		{858A645C-FE39-470E-84F8-34B98D40BADE}.Debug|Win32.Build.0 = Debug|Win32
		{858A645C-FE39-470E-84F8-34B98D40BADE}.Release|Win32.ActiveCfg = Debug|Win32
		{858A645C-FE39-470E-84F8-34B98D40BADE}.Release|Win32.Build.0 = Debug|Win32
	EndGlobalSection
	GlobalSection(SolutionProperties) = preSolution
		HideSolutionNode = FALSE
	EndGlobalSection
	GlobalSection(Performance) = preSolution
		HasPerformanceSessions = true
	EndGlobalSection
EndGlobal
