<?xml version="1.0" encoding="utf-8"?>
<Project ToolsVersion="4.0" xmlns="http://schemas.microsoft.com/developer/msbuild/2003">
  <ItemGroup>
    <Filter Include="Fichiers sources">
      <UniqueIdentifier>{4FC737F1-C7A5-4376-A066-2A32D752A2FF}</UniqueIdentifier>
      <Extensions>cpp;c;cc;cxx;def;odl;idl;hpj;bat;asm;asmx</Extensions>
    </Filter>
    <Filter Include="Fichiers d%27en-tête">
      <UniqueIdentifier>{93995380-89BD-4b04-88EB-625FBE52EBFB}</UniqueIdentifier>
      <Extensions>h;hh;hpp;hxx;hm;inl;inc;xsd</Extensions>
    </Filter>
    <Filter Include="Fichiers de ressources">
      <UniqueIdentifier>{67DA6AB6-F800-4c08-8B7A-83BB121AAD01}</UniqueIdentifier>
      <Extensions>rc;ico;cur;bmp;dlg;rc2;rct;bin;rgs;gif;jpg;jpeg;jpe;resx;tiff;tif;png;wav;mfcribbon-ms</Extensions>
    </Filter>
  </ItemGroup>
  <ItemGroup>
    <Library Include="..\..\..\..\..\..\..\..\..\..\..\..\Program Files (x86)\GTK+-Bundle-3.6.1\lib\atk-1.0.lib">
      <Filter>Fichiers de ressources</Filter>
    </Library>
    <Library Include="..\..\..\..\..\..\..\..\..\..\..\..\Program Files (x86)\GTK+-Bundle-3.6.1\lib\cairo.lib">
      <Filter>Fichiers de ressources</Filter>
    </Library>
    <Library Include="..\..\..\..\..\..\..\..\..\..\..\..\Program Files (x86)\GTK+-Bundle-3.6.1\lib\fontconfig.lib">
      <Filter>Fichiers de ressources</Filter>
    </Library>
    <Library Include="..\..\..\..\..\..\..\..\..\..\..\..\Program Files (x86)\GTK+-Bundle-3.6.1\lib\gailutil-3.lib">
      <Filter>Fichiers de ressources</Filter>
    </Library>
    <Library Include="..\..\..\..\..\..\..\..\..\..\..\..\Program Files (x86)\GTK+-Bundle-3.6.1\lib\gdk_pixbuf-2.0.lib">
      <Filter>Fichiers de ressources</Filter>
    </Library>
    <Library Include="..\..\..\..\..\..\..\..\..\..\..\..\Program Files (x86)\GTK+-Bundle-3.6.1\lib\gdk-win32-3.0.lib">
      <Filter>Fichiers de ressources</Filter>
    </Library>
    <Library Include="..\..\..\..\..\..\..\..\..\..\..\..\Program Files (x86)\GTK+-Bundle-3.6.1\lib\gio-2.0.lib">
      <Filter>Fichiers de ressources</Filter>
    </Library>
    <Library Include="..\..\..\..\..\..\..\..\..\..\..\..\Program Files (x86)\GTK+-Bundle-3.6.1\lib\glib-2.0.lib">
      <Filter>Fichiers de ressources</Filter>
    </Library>
    <Library Include="..\..\..\..\..\..\..\..\..\..\..\..\Program Files (x86)\GTK+-Bundle-3.6.1\lib\gmodule-2.0.lib">
      <Filter>Fichiers de ressources</Filter>
    </Library>
    <Library Include="..\..\..\..\..\..\..\..\..\..\..\..\Program Files (x86)\GTK+-Bundle-3.6.1\lib\gobject-2.0.lib">
      <Filter>Fichiers de ressources</Filter>
    </Library>
    <Library Include="..\..\..\..\..\..\..\..\..\..\..\..\Program Files (x86)\GTK+-Bundle-3.6.1\lib\gthread-2.0.lib">
      <Filter>Fichiers de ressources</Filter>
    </Library>
    <Library Include="..\..\..\..\..\..\..\..\..\..\..\..\Program Files (x86)\GTK+-Bundle-3.6.1\lib\gtk-win32-3.0.lib">
      <Filter>Fichiers de ressources</Filter>
    </Library>
    <Library Include="..\..\..\..\..\..\..\..\..\..\..\..\Program Files (x86)\GTK+-Bundle-3.6.1\lib\pango-1.0.lib">
      <Filter>Fichiers de ressources</Filter>
    </Library>
    <Library Include="..\..\..\..\..\..\..\..\..\..\..\..\Program Files (x86)\GTK+-Bundle-3.6.1\lib\pangocairo-1.0.lib">
      <Filter>Fichiers de ressources</Filter>
    </Library>
    <Library Include="..\..\..\..\..\..\..\..\..\..\..\..\Program Files (x86)\GTK+-Bundle-3.6.1\lib\pangoft2-1.0.lib">
      <Filter>Fichiers de ressources</Filter>
    </Library>
    <Library Include="..\..\..\..\..\..\..\..\..\..\..\..\Program Files (x86)\GTK+-Bundle-3.6.1\lib\pangowin32-1.0.lib">
      <Filter>Fichiers de ressources</Filter>
    </Library>
  </ItemGroup>
  <ItemGroup>
    <ClCompile Include="GUI.c">
      <Filter>Fichiers sources</Filter>
    </ClCompile>
    <ClCompile Include="jules.c">
      <Filter>Fichiers sources</Filter>
    </ClCompile>
    <ClCompile Include="callback.c">
      <Filter>Fichiers sources</Filter>
    </ClCompile>
    <ClCompile Include="error.c">
      <Filter>Fichiers sources</Filter>
    </ClCompile>
    <ClCompile Include="courses.c">
      <Filter>Fichiers sources</Filter>
    </ClCompile>
    <ClCompile Include="StoreImage.c">
      <Filter>Fichiers sources</Filter>
    </ClCompile>
    <ClCompile Include="Store.c">
      <Filter>Fichiers sources</Filter>
    </ClCompile>
    <ClCompile Include="SectionList.c">
      <Filter>Fichiers sources</Filter>
    </ClCompile>
    <ClCompile Include="Section.c">
      <Filter>Fichiers sources</Filter>
    </ClCompile>
    <ClCompile Include="myAlloc.c">
      <Filter>Fichiers sources</Filter>
    </ClCompile>
    <ClCompile Include="ItemList.c">
      <Filter>Fichiers sources</Filter>
    </ClCompile>
    <ClCompile Include="Item.c">
      <Filter>Fichiers sources</Filter>
    </ClCompile>
    <ClCompile Include="GenericList.c">
      <Filter>Fichiers sources</Filter>
    </ClCompile>
    <ClCompile Include="Common.c">
      <Filter>Fichiers sources</Filter>
    </ClCompile>
    <ClCompile Include="AstarList.c">
      <Filter>Fichiers sources</Filter>
    </ClCompile>
    <ClCompile Include="Astar.c">
      <Filter>Fichiers sources</Filter>
    </ClCompile>
  </ItemGroup>
  <ItemGroup>
    <ClInclude Include="callback.h">
      <Filter>Fichiers d%27en-tête</Filter>
    </ClInclude>
    <ClInclude Include="error.h">
      <Filter>Fichiers d%27en-tête</Filter>
    </ClInclude>
    <ClInclude Include="StoreImage.h">
      <Filter>Fichiers d%27en-tête</Filter>
    </ClInclude>
    <ClInclude Include="Store.h">
      <Filter>Fichiers d%27en-tête</Filter>
    </ClInclude>
    <ClInclude Include="SectionList.h">
      <Filter>Fichiers d%27en-tête</Filter>
    </ClInclude>
    <ClInclude Include="Section.h">
      <Filter>Fichiers d%27en-tête</Filter>
    </ClInclude>
    <ClInclude Include="ItemList.h">
      <Filter>Fichiers d%27en-tête</Filter>
    </ClInclude>
    <ClInclude Include="Item.h">
      <Filter>Fichiers d%27en-tête</Filter>
    </ClInclude>
    <ClInclude Include="GenericList.h">
      <Filter>Fichiers d%27en-tête</Filter>
    </ClInclude>
    <ClInclude Include="common.h">
      <Filter>Fichiers d%27en-tête</Filter>
    </ClInclude>
    <ClInclude Include="AstarList.h">
      <Filter>Fichiers d%27en-tête</Filter>
    </ClInclude>
    <ClInclude Include="Astar.h">
      <Filter>Fichiers d%27en-tête</Filter>
    </ClInclude>
    <ClInclude Include="courses.h">
      <Filter>Fichiers d%27en-tête</Filter>
    </ClInclude>
    <ClInclude Include="myAlloc.h">
      <Filter>Fichiers d%27en-tête</Filter>
    </ClInclude>
    <ClInclude Include="jules.h">
      <Filter>Fichiers d%27en-tête</Filter>
    </ClInclude>
  </ItemGroup>
</Project>