<?xml version="1.0" encoding="utf-8"?>
<Project ToolsVersion="4.0" xmlns="http://schemas.microsoft.com/developer/msbuild/2003">
  <ItemGroup>
    <Filter Include="Fichiers sources">
      <UniqueIdentifier>{4FC737F1-C7A5-4376-A066-2A32D752A2FF}</UniqueIdentifier>
      <Extensions>cpp;c;cc;cxx;def;odl;idl;hpj;bat;asm;asmx</Extensions>
    </Filter>
    <Filter Include="Fichiers d%27en-tête">
      <UniqueIdentifier>{93995380-89BD-4b04-88EB-625FBE52EBFB}</UniqueIdentifier>
      <Extensions>h;hh;hpp;hxx;hm;inl;inc;xsd</Extensions>
    </Filter>
    <Filter Include="Fichiers de ressources">
      <UniqueIdentifier>{67DA6AB6-F800-4c08-8B7A-83BB121AAD01}</UniqueIdentifier>
      <Extensions>rc;ico;cur;bmp;dlg;rc2;rct;bin;rgs;gif;jpg;jpeg;jpe;resx;tiff;tif;png;wav;mfcribbon-ms</Extensions>
    </Filter>
    <Filter Include="Fichiers d%27en-tête\Structures">
      <UniqueIdentifier>{118c584f-94f7-41b3-a10e-d7d94bba2212}</UniqueIdentifier>
    </Filter>
    <Filter Include="Fichiers d%27en-tête\Algo">
      <UniqueIdentifier>{d718660a-4194-437c-9e40-f541c4ccda4b}</UniqueIdentifier>
    </Filter>
    <Filter Include="Fichiers sources\Structures">
      <UniqueIdentifier>{df17b40c-d12b-4649-82fd-6665b753f87a}</UniqueIdentifier>
    </Filter>
    <Filter Include="Fichiers sources\Algo">
      <UniqueIdentifier>{c64615b1-3a54-4f9e-b907-bf27fa17c0aa}</UniqueIdentifier>
    </Filter>
    <Filter Include="Fichiers d%27en-tête\Database">
      <UniqueIdentifier>{23f40e61-cc90-476a-b3bf-5bbaed505a67}</UniqueIdentifier>
    </Filter>
    <Filter Include="Fichiers sources\Database">
      <UniqueIdentifier>{55ced1e1-b89f-4a7d-b8e0-bca46c2ced37}</UniqueIdentifier>
    </Filter>
    <Filter Include="Fichiers d%27en-tête\GTK">
      <UniqueIdentifier>{286cafa0-65e7-40fb-949b-37942419034c}</UniqueIdentifier>
    </Filter>
    <Filter Include="Fichiers sources\GTK">
      <UniqueIdentifier>{45fe1ef3-0fc8-4337-a3e7-d304744d86d6}</UniqueIdentifier>
    </Filter>
  </ItemGroup>
  <ItemGroup>
    <ClCompile Include="Principal.c">
      <Filter>Fichiers sources</Filter>
    </ClCompile>
    <ClCompile Include="Common.c">
      <Filter>Fichiers sources</Filter>
    </ClCompile>
    <ClCompile Include="myAlloc.c">
      <Filter>Fichiers sources</Filter>
    </ClCompile>
    <ClCompile Include="StoreImage.c">
      <Filter>Fichiers sources</Filter>
    </ClCompile>
    <ClCompile Include="Item.c">
      <Filter>Fichiers sources\Structures</Filter>
    </ClCompile>
    <ClCompile Include="ItemList.c">
      <Filter>Fichiers sources\Structures</Filter>
    </ClCompile>
    <ClCompile Include="Section.c">
      <Filter>Fichiers sources\Structures</Filter>
    </ClCompile>
    <ClCompile Include="SectionList.c">
      <Filter>Fichiers sources\Structures</Filter>
    </ClCompile>
    <ClCompile Include="shopping.c">
      <Filter>Fichiers sources\Structures</Filter>
    </ClCompile>
    <ClCompile Include="Store.c">
      <Filter>Fichiers sources\Structures</Filter>
    </ClCompile>
    <ClCompile Include="GenericList.c">
      <Filter>Fichiers sources\Structures</Filter>
    </ClCompile>
    <ClCompile Include="Astar.c">
      <Filter>Fichiers sources\Algo</Filter>
    </ClCompile>
    <ClCompile Include="AstarList.c">
      <Filter>Fichiers sources\Algo</Filter>
    </ClCompile>
    <ClCompile Include="merchant.c">
      <Filter>Fichiers sources\Algo</Filter>
    </ClCompile>
    <ClCompile Include="sqlite_functions.c">
      <Filter>Fichiers sources\Database</Filter>
    </ClCompile>
    <ClCompile Include="sqlite3.c">
      <Filter>Fichiers sources\Database</Filter>
    </ClCompile>
    <ClCompile Include="map.c">
      <Filter>Fichiers sources\GTK</Filter>
    </ClCompile>
  </ItemGroup>
  <ItemGroup>
    <Library Include="..\..\..\..\..\..\..\..\..\..\..\..\Program Files (x86)\GTK+-Bundle-3.6.1\lib\glib-2.0.lib">
      <Filter>Fichiers de ressources</Filter>
    </Library>
    <Library Include="..\..\..\..\..\..\..\..\..\..\..\..\Program Files (x86)\GTK+-Bundle-3.6.1\lib\gmodule-2.0.lib">
      <Filter>Fichiers de ressources</Filter>
    </Library>
    <Library Include="..\..\..\..\..\..\..\..\..\..\..\..\Program Files (x86)\GTK+-Bundle-3.6.1\lib\gobject-2.0.lib">
      <Filter>Fichiers de ressources</Filter>
    </Library>
    <Library Include="..\..\..\..\..\..\..\..\..\..\..\..\Program Files (x86)\GTK+-Bundle-3.6.1\lib\gthread-2.0.lib">
      <Filter>Fichiers de ressources</Filter>
    </Library>
    <Library Include="..\..\..\..\..\..\..\..\..\..\..\..\Program Files (x86)\GTK+-Bundle-3.6.1\lib\gtk-win32-3.0.lib">
      <Filter>Fichiers de ressources</Filter>
    </Library>
    <Library Include="..\..\..\..\..\..\..\..\..\..\..\..\Program Files (x86)\GTK+-Bundle-3.6.1\lib\atk-1.0.lib">
      <Filter>Fichiers de ressources</Filter>
    </Library>
    <Library Include="..\..\..\..\..\..\..\..\..\..\..\..\Program Files (x86)\GTK+-Bundle-3.6.1\lib\cairo.lib">
      <Filter>Fichiers de ressources</Filter>
    </Library>
    <Library Include="..\..\..\..\..\..\..\..\..\..\..\..\Program Files (x86)\GTK+-Bundle-3.6.1\lib\fontconfig.lib">
      <Filter>Fichiers de ressources</Filter>
    </Library>
    <Library Include="..\..\..\..\..\..\..\..\..\..\..\..\Program Files (x86)\GTK+-Bundle-3.6.1\lib\gailutil-3.lib">
      <Filter>Fichiers de ressources</Filter>
    </Library>
    <Library Include="..\..\..\..\..\..\..\..\..\..\..\..\Program Files (x86)\GTK+-Bundle-3.6.1\lib\gdk_pixbuf-2.0.lib">
      <Filter>Fichiers de ressources</Filter>
    </Library>
    <Library Include="..\..\..\..\..\..\..\..\..\..\..\..\Program Files (x86)\GTK+-Bundle-3.6.1\lib\gdk-win32-3.0.lib">
      <Filter>Fichiers de ressources</Filter>
    </Library>
    <Library Include="..\..\..\..\..\..\..\..\..\..\..\..\Program Files (x86)\GTK+-Bundle-3.6.1\lib\gio-2.0.lib">
      <Filter>Fichiers de ressources</Filter>
    </Library>
  </ItemGroup>
  <ItemGroup>
    <ClInclude Include="myAlloc.h">
      <Filter>Fichiers d%27en-tête</Filter>
    </ClInclude>
    <ClInclude Include="Common.h">
      <Filter>Fichiers d%27en-tête</Filter>
    </ClInclude>
    <ClInclude Include="StoreImage.h">
      <Filter>Fichiers d%27en-tête</Filter>
    </ClInclude>
    <ClInclude Include="Item.h">
      <Filter>Fichiers d%27en-tête\Structures</Filter>
    </ClInclude>
    <ClInclude Include="Section.h">
      <Filter>Fichiers d%27en-tête\Structures</Filter>
    </ClInclude>
    <ClInclude Include="Shopping.h">
      <Filter>Fichiers d%27en-tête\Structures</Filter>
    </ClInclude>
    <ClInclude Include="Store.h">
      <Filter>Fichiers d%27en-tête\Structures</Filter>
    </ClInclude>
    <ClInclude Include="GenericList.h">
      <Filter>Fichiers d%27en-tête\Structures</Filter>
    </ClInclude>
    <ClInclude Include="ItemList.h">
      <Filter>Fichiers d%27en-tête\Structures</Filter>
    </ClInclude>
    <ClInclude Include="SectionList.h">
      <Filter>Fichiers d%27en-tête\Structures</Filter>
    </ClInclude>
    <ClInclude Include="Astar.h">
      <Filter>Fichiers d%27en-tête\Algo</Filter>
    </ClInclude>
    <ClInclude Include="AstarList.h">
      <Filter>Fichiers d%27en-tête\Algo</Filter>
    </ClInclude>
    <ClInclude Include="merchant.h">
      <Filter>Fichiers d%27en-tête\Algo</Filter>
    </ClInclude>
    <ClInclude Include="sqlite_functions.h">
      <Filter>Fichiers d%27en-tête\Database</Filter>
    </ClInclude>
    <ClInclude Include="sqlite3.h">
      <Filter>Fichiers d%27en-tête\Database</Filter>
    </ClInclude>
    <ClInclude Include="sqlite3ext.h">
      <Filter>Fichiers d%27en-tête\Database</Filter>
    </ClInclude>
    <ClInclude Include="map.h">
      <Filter>Fichiers d%27en-tête\GTK</Filter>
    </ClInclude>
    <ClInclude Include="tests.h">
      <Filter>Fichiers d%27en-tête</Filter>
    </ClInclude>
  </ItemGroup>
  <ItemGroup>
    <Image Include="ressources\caddie.jpg">
      <Filter>Fichiers de ressources</Filter>
    </Image>
    <Image Include="sprites.png">
      <Filter>Fichiers de ressources</Filter>
    </Image>
    <Image Include="spritesDebug.png">
      <Filter>Fichiers de ressources</Filter>
    </Image>
  </ItemGroup>
  <ItemGroup>
    <None Include="ressources\projet.db">
      <Filter>Fichiers de ressources</Filter>
    </None>
  </ItemGroup>
</Project>